// !$*UTF8*$!
{
	archiveVersion = 1;
	classes = {
	};
	objectVersion = 46;
	objects = {

/* Begin PBXBuildFile section */
		C8F4F0001665AF0000EBE2EB /* Foundation.framework in Frameworks */ = {isa = PBXBuildFile; fileRef = C8F4EFFF1665AF0000EBE2EB /* Foundation.framework */; };
		C8F4F0031665AF0000EBE2EB /* main.m in Sources */ = {isa = PBXBuildFile; fileRef = C8F4F0021665AF0000EBE2EB /* main.m */; };
		C8F4F0071665AF0000EBE2EB /* strategy_pattern.1 in CopyFiles */ = {isa = PBXBuildFile; fileRef = C8F4F0061665AF0000EBE2EB /* strategy_pattern.1 */; };
		C8F4F00F1665AFAD00EBE2EB /* Duck.m in Sources */ = {isa = PBXBuildFile; fileRef = C8F4F00E1665AFAD00EBE2EB /* Duck.m */; };
		C8F4F0131665B0EF00EBE2EB /* Fly.m in Sources */ = {isa = PBXBuildFile; fileRef = C8F4F0121665B0EF00EBE2EB /* Fly.m */; };
		C8F4F0161665B12200EBE2EB /* Quck.m in Sources */ = {isa = PBXBuildFile; fileRef = C8F4F0151665B12200EBE2EB /* Quck.m */; };
		C8F4F01B1665B93600EBE2EB /* RubberDuck.m in Sources */ = {isa = PBXBuildFile; fileRef = C8F4F01A1665B93600EBE2EB /* RubberDuck.m */; };
		C8F4F01E1665B9B300EBE2EB /* NoFly.m in Sources */ = {isa = PBXBuildFile; fileRef = C8F4F01D1665B9B300EBE2EB /* NoFly.m */; };
		C8F4F0211665BAA200EBE2EB /* NomalDuck.m in Sources */ = {isa = PBXBuildFile; fileRef = C8F4F0201665BAA200EBE2EB /* NomalDuck.m */; };
/* End PBXBuildFile section */

/* Begin PBXCopyFilesBuildPhase section */
		C8F4EFF91665AF0000EBE2EB /* CopyFiles */ = {
			isa = PBXCopyFilesBuildPhase;
			buildActionMask = 2147483647;
			dstPath = /usr/share/man/man1/;
			dstSubfolderSpec = 0;
			files = (
				C8F4F0071665AF0000EBE2EB /* strategy_pattern.1 in CopyFiles */,
			);
			runOnlyForDeploymentPostprocessing = 1;
		};
/* End PBXCopyFilesBuildPhase section */

/* Begin PBXFileReference section */
		C8E58BFE1665D33100EE0E2C /* README.md */ = {isa = PBXFileReference; fileEncoding = 4; lastKnownFileType = text; path = README.md; sourceTree = "<group>"; };
		C8F4EFFB1665AF0000EBE2EB /* strategy pattern */ = {isa = PBXFileReference; explicitFileType = "compiled.mach-o.executable"; includeInIndex = 0; path = "strategy pattern"; sourceTree = BUILT_PRODUCTS_DIR; };
		C8F4EFFF1665AF0000EBE2EB /* Foundation.framework */ = {isa = PBXFileReference; lastKnownFileType = wrapper.framework; name = Foundation.framework; path = System/Library/Frameworks/Foundation.framework; sourceTree = SDKROOT; };
		C8F4F0021665AF0000EBE2EB /* main.m */ = {isa = PBXFileReference; lastKnownFileType = sourcecode.c.objc; path = main.m; sourceTree = "<group>"; };
		C8F4F0051665AF0000EBE2EB /* strategy pattern-Prefix.pch */ = {isa = PBXFileReference; lastKnownFileType = sourcecode.c.h; path = "strategy pattern-Prefix.pch"; sourceTree = "<group>"; };
		C8F4F0061665AF0000EBE2EB /* strategy_pattern.1 */ = {isa = PBXFileReference; lastKnownFileType = text.man; path = strategy_pattern.1; sourceTree = "<group>"; };
		C8F4F00D1665AFAD00EBE2EB /* Duck.h */ = {isa = PBXFileReference; fileEncoding = 4; lastKnownFileType = sourcecode.c.h; name = Duck.h; path = ../Duck.h; sourceTree = "<group>"; };
		C8F4F00E1665AFAD00EBE2EB /* Duck.m */ = {isa = PBXFileReference; fileEncoding = 4; lastKnownFileType = sourcecode.c.objc; name = Duck.m; path = ../Duck.m; sourceTree = "<group>"; };
		C8F4F0111665B0EF00EBE2EB /* Fly.h */ = {isa = PBXFileReference; fileEncoding = 4; lastKnownFileType = sourcecode.c.h; path = Fly.h; sourceTree = "<group>"; };
		C8F4F0121665B0EF00EBE2EB /* Fly.m */ = {isa = PBXFileReference; fileEncoding = 4; lastKnownFileType = sourcecode.c.objc; path = Fly.m; sourceTree = "<group>"; };
		C8F4F0151665B12200EBE2EB /* Quck.m */ = {isa = PBXFileReference; fileEncoding = 4; lastKnownFileType = sourcecode.c.objc; path = Quck.m; sourceTree = "<group>"; };
		C8F4F0171665B3CA00EBE2EB /* Protocal.h */ = {isa = PBXFileReference; lastKnownFileType = sourcecode.c.h; path = Protocal.h; sourceTree = "<group>"; };
		C8F4F0181665B8A100EBE2EB /* Quck.h */ = {isa = PBXFileReference; fileEncoding = 4; lastKnownFileType = sourcecode.c.h; path = Quck.h; sourceTree = "<group>"; };
		C8F4F0191665B93600EBE2EB /* RubberDuck.h */ = {isa = PBXFileReference; fileEncoding = 4; lastKnownFileType = sourcecode.c.h; path = RubberDuck.h; sourceTree = "<group>"; };
		C8F4F01A1665B93600EBE2EB /* RubberDuck.m */ = {isa = PBXFileReference; fileEncoding = 4; lastKnownFileType = sourcecode.c.objc; path = RubberDuck.m; sourceTree = "<group>"; };
		C8F4F01C1665B9B300EBE2EB /* NoFly.h */ = {isa = PBXFileReference; fileEncoding = 4; lastKnownFileType = sourcecode.c.h; path = NoFly.h; sourceTree = "<group>"; };
		C8F4F01D1665B9B300EBE2EB /* NoFly.m */ = {isa = PBXFileReference; fileEncoding = 4; lastKnownFileType = sourcecode.c.objc; path = NoFly.m; sourceTree = "<group>"; };
		C8F4F01F1665BAA200EBE2EB /* NomalDuck.h */ = {isa = PBXFileReference; fileEncoding = 4; lastKnownFileType = sourcecode.c.h; path = NomalDuck.h; sourceTree = "<group>"; };
		C8F4F0201665BAA200EBE2EB /* NomalDuck.m */ = {isa = PBXFileReference; fileEncoding = 4; lastKnownFileType = sourcecode.c.objc; path = NomalDuck.m; sourceTree = "<group>"; };
/* End PBXFileReference section */

/* Begin PBXFrameworksBuildPhase section */
		C8F4EFF81665AF0000EBE2EB /* Frameworks */ = {
			isa = PBXFrameworksBuildPhase;
			buildActionMask = 2147483647;
			files = (
				C8F4F0001665AF0000EBE2EB /* Foundation.framework in Frameworks */,
			);
			runOnlyForDeploymentPostprocessing = 0;
		};
/* End PBXFrameworksBuildPhase section */

/* Begin PBXGroup section */
		C8F4EFF01665AF0000EBE2EB = {
			isa = PBXGroup;
			children = (
				C8E58BFE1665D33100EE0E2C /* README.md */,
				C8F4F0011665AF0000EBE2EB /* strategy pattern */,
				C8F4EFFE1665AF0000EBE2EB /* Frameworks */,
				C8F4EFFC1665AF0000EBE2EB /* Products */,
			);
			sourceTree = "<group>";
		};
		C8F4EFFC1665AF0000EBE2EB /* Products */ = {
			isa = PBXGroup;
			children = (
				C8F4EFFB1665AF0000EBE2EB /* strategy pattern */,
			);
			name = Products;
			sourceTree = "<group>";
		};
		C8F4EFFE1665AF0000EBE2EB /* Frameworks */ = {
			isa = PBXGroup;
			children = (
				C8F4EFFF1665AF0000EBE2EB /* Foundation.framework */,
			);
			name = Frameworks;
			sourceTree = "<group>";
		};
		C8F4F0011665AF0000EBE2EB /* strategy pattern */ = {
			isa = PBXGroup;
			children = (
				C8F4F0101665AFB300EBE2EB /* Class */,
				C8F4F0021665AF0000EBE2EB /* main.m */,
				C8F4F0061665AF0000EBE2EB /* strategy_pattern.1 */,
				C8F4F0041665AF0000EBE2EB /* Supporting Files */,
			);
			path = "strategy pattern";
			sourceTree = "<group>";
		};
		C8F4F0041665AF0000EBE2EB /* Supporting Files */ = {
			isa = PBXGroup;
			children = (
				C8F4F0051665AF0000EBE2EB /* strategy pattern-Prefix.pch */,
			);
			name = "Supporting Files";
			sourceTree = "<group>";
		};
		C8F4F0101665AFB300EBE2EB /* Class */ = {
			isa = PBXGroup;
			children = (
				C8F4F00D1665AFAD00EBE2EB /* Duck.h */,
				C8F4F00E1665AFAD00EBE2EB /* Duck.m */,
				C8F4F0111665B0EF00EBE2EB /* Fly.h */,
				C8F4F0121665B0EF00EBE2EB /* Fly.m */,
				C8F4F0181665B8A100EBE2EB /* Quck.h */,
				C8F4F0151665B12200EBE2EB /* Quck.m */,
				C8F4F0171665B3CA00EBE2EB /* Protocal.h */,
				C8F4F0191665B93600EBE2EB /* RubberDuck.h */,
				C8F4F01A1665B93600EBE2EB /* RubberDuck.m */,
				C8F4F01C1665B9B300EBE2EB /* NoFly.h */,
				C8F4F01D1665B9B300EBE2EB /* NoFly.m */,
				C8F4F01F1665BAA200EBE2EB /* NomalDuck.h */,
				C8F4F0201665BAA200EBE2EB /* NomalDuck.m */,
			);
			name = Class;
			sourceTree = "<group>";
		};
/* End PBXGroup section */

/* Begin PBXNativeTarget section */
		C8F4EFFA1665AF0000EBE2EB /* strategy pattern */ = {
			isa = PBXNativeTarget;
			buildConfigurationList = C8F4F00A1665AF0000EBE2EB /* Build configuration list for PBXNativeTarget "strategy pattern" */;
			buildPhases = (
				C8F4EFF71665AF0000EBE2EB /* Sources */,
				C8F4EFF81665AF0000EBE2EB /* Frameworks */,
				C8F4EFF91665AF0000EBE2EB /* CopyFiles */,
			);
			buildRules = (
			);
			dependencies = (
			);
			name = "strategy pattern";
			productName = "strategy pattern";
			productReference = C8F4EFFB1665AF0000EBE2EB /* strategy pattern */;
			productType = "com.apple.product-type.tool";
		};
/* End PBXNativeTarget section */

/* Begin PBXProject section */
		C8F4EFF21665AF0000EBE2EB /* Project object */ = {
			isa = PBXProject;
			attributes = {
				LastUpgradeCheck = 0450;
				ORGANIZATIONNAME = gaoweiwei;
			};
			buildConfigurationList = C8F4EFF51665AF0000EBE2EB /* Build configuration list for PBXProject "strategy pattern" */;
			compatibilityVersion = "Xcode 3.2";
			developmentRegion = English;
			hasScannedForEncodings = 0;
			knownRegions = (
				en,
			);
			mainGroup = C8F4EFF01665AF0000EBE2EB;
			productRefGroup = C8F4EFFC1665AF0000EBE2EB /* Products */;
			projectDirPath = "";
			projectRoot = "";
			targets = (
				C8F4EFFA1665AF0000EBE2EB /* strategy pattern */,
			);
		};
/* End PBXProject section */

/* Begin PBXSourcesBuildPhase section */
		C8F4EFF71665AF0000EBE2EB /* Sources */ = {
			isa = PBXSourcesBuildPhase;
			buildActionMask = 2147483647;
			files = (
				C8F4F0031665AF0000EBE2EB /* main.m in Sources */,
				C8F4F00F1665AFAD00EBE2EB /* Duck.m in Sources */,
				C8F4F0131665B0EF00EBE2EB /* Fly.m in Sources */,
				C8F4F0161665B12200EBE2EB /* Quck.m in Sources */,
				C8F4F01B1665B93600EBE2EB /* RubberDuck.m in Sources */,
				C8F4F01E1665B9B300EBE2EB /* NoFly.m in Sources */,
				C8F4F0211665BAA200EBE2EB /* NomalDuck.m in Sources */,
			);
			runOnlyForDeploymentPostprocessing = 0;
		};
/* End PBXSourcesBuildPhase section */

/* Begin XCBuildConfiguration section */
		C8F4F0081665AF0000EBE2EB /* Debug */ = {
			isa = XCBuildConfiguration;
			buildSettings = {
				ALWAYS_SEARCH_USER_PATHS = NO;
				ARCHS = "$(ARCHS_STANDARD_64_BIT)";
				CLANG_CXX_LANGUAGE_STANDARD = "gnu++0x";
				CLANG_CXX_LIBRARY = "libc++";
				CLANG_WARN_EMPTY_BODY = YES;
				CLANG_WARN__DUPLICATE_METHOD_MATCH = YES;
				COPY_PHASE_STRIP = NO;
				GCC_C_LANGUAGE_STANDARD = gnu99;
				GCC_DYNAMIC_NO_PIC = NO;
				GCC_ENABLE_OBJC_EXCEPTIONS = YES;
				GCC_OPTIMIZATION_LEVEL = 0;
				GCC_PREPROCESSOR_DEFINITIONS = (
					"DEBUG=1",
					"$(inherited)",
				);
				GCC_SYMBOLS_PRIVATE_EXTERN = NO;
				GCC_WARN_64_TO_32_BIT_CONVERSION = YES;
				GCC_WARN_ABOUT_RETURN_TYPE = YES;
				GCC_WARN_UNINITIALIZED_AUTOS = YES;
				GCC_WARN_UNUSED_VARIABLE = YES;
				MACOSX_DEPLOYMENT_TARGET = 10.8;
				ONLY_ACTIVE_ARCH = YES;
				SDKROOT = macosx;
			};
			name = Debug;
		};
		C8F4F0091665AF0000EBE2EB /* Release */ = {
			isa = XCBuildConfiguration;
			buildSettings = {
				ALWAYS_SEARCH_USER_PATHS = NO;
				ARCHS = "$(ARCHS_STANDARD_64_BIT)";
				CLANG_CXX_LANGUAGE_STANDARD = "gnu++0x";
				CLANG_CXX_LIBRARY = "libc++";
				CLANG_WARN_EMPTY_BODY = YES;
				CLANG_WARN__DUPLICATE_METHOD_MATCH = YES;
				COPY_PHASE_STRIP = YES;
				DEBUG_INFORMATION_FORMAT = "dwarf-with-dsym";
				GCC_C_LANGUAGE_STANDARD = gnu99;
				GCC_ENABLE_OBJC_EXCEPTIONS = YES;
				GCC_WARN_64_TO_32_BIT_CONVERSION = YES;
				GCC_WARN_ABOUT_RETURN_TYPE = YES;
				GCC_WARN_UNINITIALIZED_AUTOS = YES;
				GCC_WARN_UNUSED_VARIABLE = YES;
				MACOSX_DEPLOYMENT_TARGET = 10.8;
				SDKROOT = macosx;
			};
			name = Release;
		};
		C8F4F00B1665AF0000EBE2EB /* Debug */ = {
			isa = XCBuildConfiguration;
			buildSettings = {
				GCC_PRECOMPILE_PREFIX_HEADER = YES;
				GCC_PREFIX_HEADER = "strategy pattern/strategy pattern-Prefix.pch";
				PRODUCT_NAME = "$(TARGET_NAME)";
			};
			name = Debug;
		};
		C8F4F00C1665AF0000EBE2EB /* Release */ = {
			isa = XCBuildConfiguration;
			buildSettings = {
				GCC_PRECOMPILE_PREFIX_HEADER = YES;
				GCC_PREFIX_HEADER = "strategy pattern/strategy pattern-Prefix.pch";
				PRODUCT_NAME = "$(TARGET_NAME)";
			};
			name = Release;
		};
/* End XCBuildConfiguration section */

/* Begin XCConfigurationList section */
		C8F4EFF51665AF0000EBE2EB /* Build configuration list for PBXProject "strategy pattern" */ = {
			isa = XCConfigurationList;
			buildConfigurations = (
				C8F4F0081665AF0000EBE2EB /* Debug */,
				C8F4F0091665AF0000EBE2EB /* Release */,
			);
			defaultConfigurationIsVisible = 0;
			defaultConfigurationName = Release;
		};
		C8F4F00A1665AF0000EBE2EB /* Build configuration list for PBXNativeTarget "strategy pattern" */ = {
			isa = XCConfigurationList;
			buildConfigurations = (
				C8F4F00B1665AF0000EBE2EB /* Debug */,
				C8F4F00C1665AF0000EBE2EB /* Release */,
			);
			defaultConfigurationIsVisible = 0;
			defaultConfigurationName = Release;
		};
/* End XCConfigurationList section */
	};
	rootObject = C8F4EFF21665AF0000EBE2EB /* Project object */;
}
